{
 "formato": "motor.lock/1",
 "version": "1.0.0",
 "esquemaEstado": 2,
 "esquemaCarta": "carta/1",
 "fecha": "2026-08-31",
 "envoltorios": {
  "gen.mjs": "3044cde1a1bcaa249a61179a99c0c262e3bdf4bc1f191aedf9759b114edf53a4",
  "importar.mjs": "63c6bec2f4e3810ae4a3d7210849a12e0dc10c66316c22a8aff3d79287d7f920"
 },
 "ficheros": {
  "actualizar.mjs": "c84b097826c7847c1c8bac257d4d06d77b074d625cff2d3826dd94d9e1e7233a",
  "adelgazar.mjs": "379ac517df03446100ffe5f5b99b94c2fe2ed1c87dd6d2fe5d157809dccffc93",
  "assets/banderas/ar.webp": "1352836d9e32a9086f1cb29481b8b5ee21f27691adee0cdcf186ce27aadc282e",
  "assets/banderas/at.webp": "bae507dabd849df93ea7666cd873cd39300ba7c4e0019364698255d4020af947",
  "assets/banderas/au.webp": "d314e5c722055b588d23a9c49814f9b3b467dbeab25f55f977f93f4d87729354",
  "assets/banderas/be.webp": "37b239929c8ed099662031496e89f6e9badcd8f538e22d86027cf9e6374d4e5a",
  "assets/banderas/br.webp": "7d65f7743065bbc4c2243c7891ff41a6379807b4dc0950fea2e8907df4e7d2b0",
  "assets/banderas/ca.webp": "f7d219113db66b6ec4073941e8f3d2678493ce79401255ce5c44fa956a45cf60",
  "assets/banderas/ch.webp": "4ee0e938d557f3c57ce3e7a08d333755142d6522c41f1791a1e481ecd0fe83cc",
  "assets/banderas/cn.webp": "69cfa2591aed3f2f50e4877ae9c5a8cad7266278bae87b01e62b4e7017a9dd01",
  "assets/banderas/co.webp": "67e455dafc799b08829e76241d71adc7c4b2cf10f632015909d688684d7000d7",
  "assets/banderas/cu.webp": "58d89cc31413ae9dd54b10f8143647c2a2ea5621519d046bab2dd3850a892441",
  "assets/banderas/cz.webp": "a415aacc0ee00590871c7f8464d92f3b8128a4d8de7e1e2a197b9a34f51992ee",
  "assets/banderas/de.webp": "ba9c45007e763a4c1d4303aade353fc53dec4d972b90e03db736375eb2f39547",
  "assets/banderas/dk.webp": "6bb4ae0e47197b61e17be0b80a51354911280cc9eb50df7193264241c57bb1dc",
  "assets/banderas/es.webp": "ce9e517bca08092bbec9ca1040d37dfebd940484729189474accc3a7db911646",
  "assets/banderas/fi.webp": "1a8bf1f974c93e326032b6d73bf6393e7b9c24c18077752e187d02c0695388f0",
  "assets/banderas/fr.webp": "bcde9f117c5f36c6dcaa7d18a1f8e29effcd7b3dfa928ee664f35f11741fa7db",
  "assets/banderas/gb.webp": "069e9b262f198f9c6c7de973223e829dd0e77b2861e6cde1c163ba7de1ceb702",
  "assets/banderas/gr.webp": "d5f190032fb735878d53c72ccf11e9e8e6e75ba780ebbc6fa65cb5dd26b701ce",
  "assets/banderas/hu.webp": "8c96d16a2033f23016bc4ed23e7b8e0b44e8eb4e6d5350b6ca16094cb1b6bbbe",
  "assets/banderas/ie.webp": "23b70b3a6be85a43968fe2df4b8eeb0a2b981b108e522aaf4078500cf3f91b3c",
  "assets/banderas/in.webp": "d35c12081ea7ab4ead3b51d9e0ebd8669a1290a5b4dc05f585792dfe546c8503",
  "assets/banderas/is.webp": "e68580967e84af4b73dda3ebc6ccebd40643143c57795d885656a913532cb739",
  "assets/banderas/it.webp": "b6825add388de3efad40ec3801e35dd0ff499df09a6d5d2da397a8f4b3eb8725",
  "assets/banderas/jp.webp": "cf56e54327df8516b2b96de8b97aa1996e12b0a57b5eeaa0ff2b61f2d6a0ebfd",
  "assets/banderas/LICENCIA.txt": "263c1d729bfa30791e8e0a0daee7c1fc86de126f8664e3fa7b23815993b4bb56",
  "assets/banderas/ma.webp": "8eac8ae2b14edb62bfa4309bef7963e25c2d3c20afea2a3b5e75aacda00bc8e8",
  "assets/banderas/mx.webp": "367ab5b48de24efc50bb4d62df22eb0d5098ad6edcd5fa5920f1b26a499a5afc",
  "assets/banderas/nl.webp": "46d1fef1c15ebc818751f09127da8ab17babcec63774e172d47fa10953760c51",
  "assets/banderas/no.webp": "151a5a9ac0ec6a0279f662e39e4196f901991c79281684f374417508d2814c4c",
  "assets/banderas/pl.webp": "bd456026303b1b904ed4bca5c9d3512271f858e2f4e7c6142e649767aa4706ab",
  "assets/banderas/pt.webp": "30cc6c8ab298450214d34e77cdde8f93dda7cc50c56d0bc587a4effe6ef8f6f1",
  "assets/banderas/ro.webp": "df05bb0b3519ae2daaf25d282f1c7aa7ee091cb910e32bfc54d1b2fce217b15b",
  "assets/banderas/ru.webp": "dffeffb92f662f9bff2597f59e6ff85eb098f9b2e48fd0e18f48a04c1cf8e2fc",
  "assets/banderas/se.webp": "ebb7c55843f3a76dfd6fbeccee6bac53178e641177c0ba6239159589a3889a28",
  "assets/banderas/ua.webp": "da0b89703998b1ad3b26bf80f7c04bb66aabae8a08033fc704a98d228773737b",
  "assets/banderas/us.webp": "11601ca91d3cf2cf3ae2894a6187c0f731d337dac4b96298e8156c574b39bae3",
  "assets/banderas/ve.webp": "ea2fda36ddd8b0702b7170cb82779f2a73cba89c4771574b3311b6cd0b56d062",
  "assets/chilirush.webp": "fafa1d015e357588be75c3cbc84194ad16c0493b3f813a6453a469e01eac8bb9",
  "assets/chilli-rush-fondo-alpha.webm": "6cc6b93794f6d44b7ba16880ca312782b7c3a632aa0d9c438fd7561787a253e8",
  "banderas.mjs": "b8f60c282807cdb1b34ff5fc0ead630957792ee97932c357f146a403a6bb0ec9",
  "carta.EJEMPLO.mjs": "a1303b679b639fdc0d47e2f5b100ea568b0b42d371b1cc61dace47c20fa49806",
  "entorno.mjs": "438ab1e7d61acf8bccaedaac9ce101783f96be01de43f98c70beee69b662b36e",
  "error404.mjs": "2af1e8a71eab435aad9cf2903f1c8f7d7620df7438153517367984b0b2be9ed2",
  "gen.mjs": "25431e88c0313238b2573d1ba1a1ebaed03a7f3093a7539364f4f361f0233bbb",
  "importar.mjs": "c06f2728a3b92b25102f6657bb89f816952546a996f290b773a2660caf4a23ee",
  "juego.mjs": "fab42ab1fb56c7353c602a8f03070b955b5503ebee3c5132287993bf6ac83889",
  "lock.mjs": "971cf385f8ff3276ecf0cc74adeeffde7246d12a0094553d03c9fcbe1284f9bd",
  "server/admin/acceso-caoba.jpg": "bb0e5b98fce55522bc11287c5f5a9e066d6ae1abfcba2c1a9c0d8b3cdfa757bb",
  "server/admin/acceso-ciruela.jpg": "c55bf247993054a3d18ba7ed077d3af9e166809b0fa65ea3bdada4efcf9d7443",
  "server/admin/acceso-laurel.jpg": "8d9d31206b60e57ef55fe1fd17f25aa5a899104fc60d423a0cb78dc0d169206f",
  "server/admin/acceso-mar.jpg": "e6fe9240ca571c85ba9e98398da67c8cc71ecd68b41fb3054fcc8d7843cae92e",
  "server/admin/acceso-onice.jpg": "8d9d08e8c13f546bef0aa4560958bc3da0746bf0e9404d634bcc65ce934bb56d",
  "server/admin/acceso.jpg": "b557cab42d53244afd571fad8c172a92c5d3b7295c73fadb3437d4c9a617c7df",
  "server/admin/config.php": "620432ce0dc0dedd4e3d1ffbedd2ca34130a45c048149e7d121208221789f217",
  "server/admin/copias/.htaccess": "fa28d421a28ed9b6f4b997d5119c2b8adbacff6e2dd119a179b71230f9664934",
  "server/admin/datos.php": "48130308368881686c8e3564634a5676ccb2aea99b26b8e77640cbfd5707644e",
  "server/admin/hash.php": "e0c3915b9b0a0d50066111af46ce7bce82b1da7cb9a7673b37897450d8fe2e41",
  "server/admin/index.php": "822bb93cb85f693296c37346252f7a15e1e8f2d1251170c214004e40143e7668",
  "server/admin/record.php": "a99342baf334073b3e0ffd7216914e0b65c1ccbd96abd029637006a04b13042f",
  "server/admin/SPEC.md": "343d3779f0aeb67964ea8da23cbef30e2990f1ee71b09d9d9b89365241eda53e",
  "server/admin/vista.php": "273f698309a39442fd2aedef200354cd4bd71222e25c2a4ee96734bc8024e709",
  "temas.mjs": "95f40c1d53ce4bcada6f6eb602e1cd044f9b9dd0405a69538bca71c5d0597618"
 }
}
